
Microsoft Visual Studio Solution File, Format Version 12.00
# Visual Studio Version 17
VisualStudioVersion = 17.7.34024.191
MinimumVisualStudioVersion = 10.0.40219.1
Project("{9A19103F-16F7-4668-BE54-9A1E7A4F7556}") = "AiicoAssessment", "AiicoAssessment\AiicoAssessment.csproj", "{62BB5600-AC64-42AD-A456-F97865D82D96}"
EndProject
Project("{9A19103F-16F7-4668-BE54-9A1E7A4F7556}") = "AiicoRestaurantApi", "AiicoRestaurantApi\AiicoRestaurantApi.csproj", "{E35E8D45-1CF1-4703-9E61-213F01C9B7B6}"
EndProject
Project("{FAE04EC0-301F-11D3-BF4B-00C04F79EFBC}") = "RestaurantTest", "RestaurantTest\RestaurantTest.csproj", "{82220178-7936-4078-9AF4-009D9B280A54}"
EndProject
Global
	GlobalSection(SolutionConfigurationPlatforms) = preSolution
		Debug|Any CPU = Debug|Any CPU
		Release|Any CPU = Release|Any CPU
	EndGlobalSection
	GlobalSection(ProjectConfigurationPlatforms) = postSolution
		{62BB5600-AC64-42AD-A456-F97865D82D96}.Debug|Any CPU.ActiveCfg = Debug|Any CPU
		{62BB5600-AC64-42AD-A456-F97865D82D96}.Debug|Any CPU.Build.0 = Debug|Any CPU
		{62BB5600-AC64-42AD-A456-F97865D82D96}.Release|Any CPU.ActiveCfg = Release|Any CPU
		{62BB5600-AC64-42AD-A456-F97865D82D96}.Release|Any CPU.Build.0 = Release|Any CPU
		{E35E8D45-1CF1-4703-9E61-213F01C9B7B6}.Debug|Any CPU.ActiveCfg = Debug|Any CPU
		{E35E8D45-1CF1-4703-9E61-213F01C9B7B6}.Debug|Any CPU.Build.0 = Debug|Any CPU
		{E35E8D45-1CF1-4703-9E61-213F01C9B7B6}.Release|Any CPU.ActiveCfg = Release|Any CPU
		{E35E8D45-1CF1-4703-9E61-213F01C9B7B6}.Release|Any CPU.Build.0 = Release|Any CPU
		{82220178-7936-4078-9AF4-009D9B280A54}.Debug|Any CPU.ActiveCfg = Debug|Any CPU
		{82220178-7936-4078-9AF4-009D9B280A54}.Debug|Any CPU.Build.0 = Debug|Any CPU
		{82220178-7936-4078-9AF4-009D9B280A54}.Release|Any CPU.ActiveCfg = Release|Any CPU
		{82220178-7936-4078-9AF4-009D9B280A54}.Release|Any CPU.Build.0 = Release|Any CPU
	EndGlobalSection
	GlobalSection(SolutionProperties) = preSolution
		HideSolutionNode = FALSE
	EndGlobalSection
	GlobalSection(ExtensibilityGlobals) = postSolution
		SolutionGuid = {FF82963A-4341-4607-86D9-6D6DCC6ED670}
	EndGlobalSection
EndGlobal
